// !$*UTF8*$!
{
	archiveVersion = 1;
	classes = {
	};
	objectVersion = 56;
	objects = {

/* Begin PBXBuildFile section */
		3F90D4DB2BD0E13B00E93EE5 /* LandmarksApp.swift in Sources */ = {isa = PBXBuildFile; fileRef = 3F90D4DA2BD0E13B00E93EE5 /* LandmarksApp.swift */; };
		3F90D4DD2BD0E13B00E93EE5 /* ContentView.swift in Sources */ = {isa = PBXBuildFile; fileRef = 3F90D4DC2BD0E13B00E93EE5 /* ContentView.swift */; };
		3F90D4DF2BD0E13C00E93EE5 /* Assets.xcassets in Resources */ = {isa = PBXBuildFile; fileRef = 3F90D4DE2BD0E13C00E93EE5 /* Assets.xcassets */; };
		3F90D4E22BD0E13C00E93EE5 /* Preview Assets.xcassets in Resources */ = {isa = PBXBuildFile; fileRef = 3F90D4E12BD0E13C00E93EE5 /* Preview Assets.xcassets */; };
		3F90D4EC2BD0E13C00E93EE5 /* LandmarksTests.swift in Sources */ = {isa = PBXBuildFile; fileRef = 3F90D4EB2BD0E13C00E93EE5 /* LandmarksTests.swift */; };
		3F90D4F62BD0E13C00E93EE5 /* LandmarksUITests.swift in Sources */ = {isa = PBXBuildFile; fileRef = 3F90D4F52BD0E13C00E93EE5 /* LandmarksUITests.swift */; };
		3F90D4F82BD0E13C00E93EE5 /* LandmarksUITestsLaunchTests.swift in Sources */ = {isa = PBXBuildFile; fileRef = 3F90D4F72BD0E13C00E93EE5 /* LandmarksUITestsLaunchTests.swift */; };
		3F90D5052BD0EB3200E93EE5 /* CircleImage.swift in Sources */ = {isa = PBXBuildFile; fileRef = 3F90D5042BD0EB3200E93EE5 /* CircleImage.swift */; };
		3F90D5072BD0ECB100E93EE5 /* MapView.swift in Sources */ = {isa = PBXBuildFile; fileRef = 3F90D5062BD0ECB100E93EE5 /* MapView.swift */; };
		3F90D5092BD0EFF700E93EE5 /* landmarkData.json in Resources */ = {isa = PBXBuildFile; fileRef = 3F90D5082BD0EFF700E93EE5 /* landmarkData.json */; };
		3F90D50B2BD0F03200E93EE5 /* Landmark.swift in Sources */ = {isa = PBXBuildFile; fileRef = 3F90D50A2BD0F03200E93EE5 /* Landmark.swift */; };
		3F90D5242BD0F18F00E93EE5 /* ModelData.swift in Sources */ = {isa = PBXBuildFile; fileRef = 3F90D5232BD0F18F00E93EE5 /* ModelData.swift */; };
		3FC1112F2BD1FA6200E03CE6 /* LandmarkRow.swift in Sources */ = {isa = PBXBuildFile; fileRef = 3FC1112E2BD1FA6200E03CE6 /* LandmarkRow.swift */; };
		3FC111312BD1FEA400E03CE6 /* LandmarkList.swift in Sources */ = {isa = PBXBuildFile; fileRef = 3FC111302BD1FEA400E03CE6 /* LandmarkList.swift */; };
		3FC111332BD204E700E03CE6 /* LandmarkDetail.swift in Sources */ = {isa = PBXBuildFile; fileRef = 3FC111322BD204E700E03CE6 /* LandmarkDetail.swift */; };
		3FC111352BD20FCA00E03CE6 /* FavoriteButton.swift in Sources */ = {isa = PBXBuildFile; fileRef = 3FC111342BD20FCA00E03CE6 /* FavoriteButton.swift */; };
		3FC111392BD211B500E03CE6 /* HexagonParameters.swift in Sources */ = {isa = PBXBuildFile; fileRef = 3FC111382BD211B500E03CE6 /* HexagonParameters.swift */; };
		3FC1113B2BD2125400E03CE6 /* BadgeBackground.swift in Sources */ = {isa = PBXBuildFile; fileRef = 3FC1113A2BD2125400E03CE6 /* BadgeBackground.swift */; };
		3FC1113E2BD2143400E03CE6 /* BadgeSymbol.swift in Sources */ = {isa = PBXBuildFile; fileRef = 3FC1113D2BD2143400E03CE6 /* BadgeSymbol.swift */; };
		3FC111402BD2147E00E03CE6 /* RotatedBadgeSymbol.swift in Sources */ = {isa = PBXBuildFile; fileRef = 3FC1113F2BD2147E00E03CE6 /* RotatedBadgeSymbol.swift */; };
		3FC111422BD2149F00E03CE6 /* Badge.swift in Sources */ = {isa = PBXBuildFile; fileRef = 3FC111412BD2149F00E03CE6 /* Badge.swift */; };
		3FC111442BD217E100E03CE6 /* hikeData.json in Resources */ = {isa = PBXBuildFile; fileRef = 3FC111432BD217E100E03CE6 /* hikeData.json */; };
		3FC111462BD217FB00E03CE6 /* Hike.swift in Sources */ = {isa = PBXBuildFile; fileRef = 3FC111452BD217FB00E03CE6 /* Hike.swift */; };
		3FC1114C2BD2191C00E03CE6 /* GraphCapsule.swift in Sources */ = {isa = PBXBuildFile; fileRef = 3FC111482BD2191C00E03CE6 /* GraphCapsule.swift */; };
		3FC1114D2BD2191C00E03CE6 /* HikeGraph.swift in Sources */ = {isa = PBXBuildFile; fileRef = 3FC111492BD2191C00E03CE6 /* HikeGraph.swift */; };
		3FC1114E2BD2191C00E03CE6 /* HikeDetail.swift in Sources */ = {isa = PBXBuildFile; fileRef = 3FC1114A2BD2191C00E03CE6 /* HikeDetail.swift */; };
		3FC1114F2BD2191C00E03CE6 /* HikeView.swift in Sources */ = {isa = PBXBuildFile; fileRef = 3FC1114B2BD2191C00E03CE6 /* HikeView.swift */; };
		3FC111522BD21F5F00E03CE6 /* CategoryHome.swift in Sources */ = {isa = PBXBuildFile; fileRef = 3FC111512BD21F5F00E03CE6 /* CategoryHome.swift */; };
		3FE25A292BDB353B00803A4D /* LandmarkDetail.swift in Sources */ = {isa = PBXBuildFile; fileRef = 3FE25A282BDB353B00803A4D /* LandmarkDetail.swift */; };
		3FE25A2B2BDB39FB00803A4D /* NotificationView.swift in Sources */ = {isa = PBXBuildFile; fileRef = 3FE25A2A2BDB39FB00803A4D /* NotificationView.swift */; };
		3FE25A2D2BDB3AB200803A4D /* NotificationController.swift in Sources */ = {isa = PBXBuildFile; fileRef = 3FE25A2C2BDB3AB200803A4D /* NotificationController.swift */; };
		3FE409D02BDA174300DF00D2 /* CategoryRow.swift in Sources */ = {isa = PBXBuildFile; fileRef = 3FE409CF2BDA174300DF00D2 /* CategoryRow.swift */; };
		3FE409D22BDA176C00DF00D2 /* CategoryItem.swift in Sources */ = {isa = PBXBuildFile; fileRef = 3FE409D12BDA176C00DF00D2 /* CategoryItem.swift */; };
		3FE409D52BDA18D300DF00D2 /* Profile.swift in Sources */ = {isa = PBXBuildFile; fileRef = 3FE409D42BDA18D300DF00D2 /* Profile.swift */; };
		3FE409D72BDA18EA00DF00D2 /* ProfileHost.swift in Sources */ = {isa = PBXBuildFile; fileRef = 3FE409D62BDA18EA00DF00D2 /* ProfileHost.swift */; };
		3FE409D92BDA190200DF00D2 /* ProfileSummary.swift in Sources */ = {isa = PBXBuildFile; fileRef = 3FE409D82BDA190100DF00D2 /* ProfileSummary.swift */; };
		3FE409DB2BDA19F600DF00D2 /* HikeBadge.swift in Sources */ = {isa = PBXBuildFile; fileRef = 3FE409DA2BDA19F600DF00D2 /* HikeBadge.swift */; };
		3FE409DD2BDA1C0F00DF00D2 /* ProfileEditor.swift in Sources */ = {isa = PBXBuildFile; fileRef = 3FE409DC2BDA1C0F00DF00D2 /* ProfileEditor.swift */; };
		3FE409E02BDA207500DF00D2 /* PageViewController.swift in Sources */ = {isa = PBXBuildFile; fileRef = 3FE409DF2BDA207500DF00D2 /* PageViewController.swift */; };
		3FE409E22BDA20F200DF00D2 /* PageView.swift in Sources */ = {isa = PBXBuildFile; fileRef = 3FE409E12BDA20F200DF00D2 /* PageView.swift */; };
		3FE409E42BDA214B00DF00D2 /* FeatureCard.swift in Sources */ = {isa = PBXBuildFile; fileRef = 3FE409E32BDA214B00DF00D2 /* FeatureCard.swift */; };
		3FE409E62BDA265C00DF00D2 /* PageControl.swift in Sources */ = {isa = PBXBuildFile; fileRef = 3FE409E52BDA265C00DF00D2 /* PageControl.swift */; };
		3FE409F02BDA27BE00DF00D2 /* ContentView.swift in Sources */ = {isa = PBXBuildFile; fileRef = 3FE409EF2BDA27BE00DF00D2 /* ContentView.swift */; };
		3FE409F22BDA27BF00DF00D2 /* Assets.xcassets in Resources */ = {isa = PBXBuildFile; fileRef = 3FE409F12BDA27BF00DF00D2 /* Assets.xcassets */; };
		3FE409F52BDA27BF00DF00D2 /* Preview Assets.xcassets in Resources */ = {isa = PBXBuildFile; fileRef = 3FE409F42BDA27BF00DF00D2 /* Preview Assets.xcassets */; };
		3FE409F82BDA27BF00DF00D2 /* WatchLandmark Watch App.app in Embed Watch Content */ = {isa = PBXBuildFile; fileRef = 3FE409EB2BDA27BE00DF00D2 /* WatchLandmark Watch App.app */; settings = {ATTRIBUTES = (RemoveHeadersOnCopy, ); }; };
		3FE409FD2BDA2AAB00DF00D2 /* MapView.swift in Sources */ = {isa = PBXBuildFile; fileRef = 3F90D5062BD0ECB100E93EE5 /* MapView.swift */; };
		3FE409FE2BDA2AAB00DF00D2 /* Profile.swift in Sources */ = {isa = PBXBuildFile; fileRef = 3FE409D42BDA18D300DF00D2 /* Profile.swift */; };
		3FE409FF2BDA2AAB00DF00D2 /* landmarkData.json in Resources */ = {isa = PBXBuildFile; fileRef = 3F90D5082BD0EFF700E93EE5 /* landmarkData.json */; };
		3FE40A002BDA2AAB00DF00D2 /* LandmarksApp.swift in Sources */ = {isa = PBXBuildFile; fileRef = 3F90D4DA2BD0E13B00E93EE5 /* LandmarksApp.swift */; };
		3FE40A012BDA2AAB00DF00D2 /* ModelData.swift in Sources */ = {isa = PBXBuildFile; fileRef = 3F90D5232BD0F18F00E93EE5 /* ModelData.swift */; };
		3FE40A022BDA2AAB00DF00D2 /* hikeData.json in Resources */ = {isa = PBXBuildFile; fileRef = 3FC111432BD217E100E03CE6 /* hikeData.json */; };
		3FE40A032BDA2AAB00DF00D2 /* Hike.swift in Sources */ = {isa = PBXBuildFile; fileRef = 3FC111452BD217FB00E03CE6 /* Hike.swift */; };
		3FE40A042BDA2AAB00DF00D2 /* LandmarkList.swift in Sources */ = {isa = PBXBuildFile; fileRef = 3FC111302BD1FEA400E03CE6 /* LandmarkList.swift */; };
		3FE40A052BDA2AAB00DF00D2 /* CircleImage.swift in Sources */ = {isa = PBXBuildFile; fileRef = 3F90D5042BD0EB3200E93EE5 /* CircleImage.swift */; };
		3FE40A062BDA2AAB00DF00D2 /* LandmarkRow.swift in Sources */ = {isa = PBXBuildFile; fileRef = 3FC1112E2BD1FA6200E03CE6 /* LandmarkRow.swift */; };
		3FE40A072BDA2AAB00DF00D2 /* Landmark.swift in Sources */ = {isa = PBXBuildFile; fileRef = 3F90D50A2BD0F03200E93EE5 /* Landmark.swift */; };
/* End PBXBuildFile section */

/* Begin PBXContainerItemProxy section */
		3F90D4E82BD0E13C00E93EE5 /* PBXContainerItemProxy */ = {
			isa = PBXContainerItemProxy;
			containerPortal = 3F90D4CF2BD0E13A00E93EE5 /* Project object */;
			proxyType = 1;
			remoteGlobalIDString = 3F90D4D62BD0E13B00E93EE5;
			remoteInfo = Landmarks;
		};
		3F90D4F22BD0E13C00E93EE5 /* PBXContainerItemProxy */ = {
			isa = PBXContainerItemProxy;
			containerPortal = 3F90D4CF2BD0E13A00E93EE5 /* Project object */;
			proxyType = 1;
			remoteGlobalIDString = 3F90D4D62BD0E13B00E93EE5;
			remoteInfo = Landmarks;
		};
		3FE409F62BDA27BF00DF00D2 /* PBXContainerItemProxy */ = {
			isa = PBXContainerItemProxy;
			containerPortal = 3F90D4CF2BD0E13A00E93EE5 /* Project object */;
			proxyType = 1;
			remoteGlobalIDString = 3FE409EA2BDA27BE00DF00D2;
			remoteInfo = "WatchLandmark Watch App";
		};
/* End PBXContainerItemProxy section */

/* Begin PBXCopyFilesBuildPhase section */
		3FE409FC2BDA27BF00DF00D2 /* Embed Watch Content */ = {
			isa = PBXCopyFilesBuildPhase;
			buildActionMask = 2147483647;
			dstPath = "$(CONTENTS_FOLDER_PATH)/Watch";
			dstSubfolderSpec = 16;
			files = (
				3FE409F82BDA27BF00DF00D2 /* WatchLandmark Watch App.app in Embed Watch Content */,
			);
			name = "Embed Watch Content";
			runOnlyForDeploymentPostprocessing = 0;
		};
/* End PBXCopyFilesBuildPhase section */

/* Begin PBXFileReference section */
		3F90D4D72BD0E13B00E93EE5 /* Landmarks.app */ = {isa = PBXFileReference; explicitFileType = wrapper.application; includeInIndex = 0; path = Landmarks.app; sourceTree = BUILT_PRODUCTS_DIR; };
		3F90D4DA2BD0E13B00E93EE5 /* LandmarksApp.swift */ = {isa = PBXFileReference; lastKnownFileType = sourcecode.swift; path = LandmarksApp.swift; sourceTree = "<group>"; };
		3F90D4DC2BD0E13B00E93EE5 /* ContentView.swift */ = {isa = PBXFileReference; lastKnownFileType = sourcecode.swift; path = ContentView.swift; sourceTree = "<group>"; };
		3F90D4DE2BD0E13C00E93EE5 /* Assets.xcassets */ = {isa = PBXFileReference; lastKnownFileType = folder.assetcatalog; path = Assets.xcassets; sourceTree = "<group>"; };
		3F90D4E12BD0E13C00E93EE5 /* Preview Assets.xcassets */ = {isa = PBXFileReference; lastKnownFileType = folder.assetcatalog; path = "Preview Assets.xcassets"; sourceTree = "<group>"; };
		3F90D4E72BD0E13C00E93EE5 /* LandmarksTests.xctest */ = {isa = PBXFileReference; explicitFileType = wrapper.cfbundle; includeInIndex = 0; path = LandmarksTests.xctest; sourceTree = BUILT_PRODUCTS_DIR; };
		3F90D4EB2BD0E13C00E93EE5 /* LandmarksTests.swift */ = {isa = PBXFileReference; lastKnownFileType = sourcecode.swift; path = LandmarksTests.swift; sourceTree = "<group>"; };
		3F90D4F12BD0E13C00E93EE5 /* LandmarksUITests.xctest */ = {isa = PBXFileReference; explicitFileType = wrapper.cfbundle; includeInIndex = 0; path = LandmarksUITests.xctest; sourceTree = BUILT_PRODUCTS_DIR; };
		3F90D4F52BD0E13C00E93EE5 /* LandmarksUITests.swift */ = {isa = PBXFileReference; lastKnownFileType = sourcecode.swift; path = LandmarksUITests.swift; sourceTree = "<group>"; };
		3F90D4F72BD0E13C00E93EE5 /* LandmarksUITestsLaunchTests.swift */ = {isa = PBXFileReference; lastKnownFileType = sourcecode.swift; path = LandmarksUITestsLaunchTests.swift; sourceTree = "<group>"; };
		3F90D5042BD0EB3200E93EE5 /* CircleImage.swift */ = {isa = PBXFileReference; lastKnownFileType = sourcecode.swift; path = CircleImage.swift; sourceTree = "<group>"; };
		3F90D5062BD0ECB100E93EE5 /* MapView.swift */ = {isa = PBXFileReference; lastKnownFileType = sourcecode.swift; path = MapView.swift; sourceTree = "<group>"; };
		3F90D5082BD0EFF700E93EE5 /* landmarkData.json */ = {isa = PBXFileReference; fileEncoding = 4; lastKnownFileType = text.json; path = landmarkData.json; sourceTree = "<group>"; };
		3F90D50A2BD0F03200E93EE5 /* Landmark.swift */ = {isa = PBXFileReference; lastKnownFileType = sourcecode.swift; path = Landmark.swift; sourceTree = "<group>"; };
		3F90D5232BD0F18F00E93EE5 /* ModelData.swift */ = {isa = PBXFileReference; lastKnownFileType = sourcecode.swift; path = ModelData.swift; sourceTree = "<group>"; };
		3FC1112E2BD1FA6200E03CE6 /* LandmarkRow.swift */ = {isa = PBXFileReference; lastKnownFileType = sourcecode.swift; path = LandmarkRow.swift; sourceTree = "<group>"; };
		3FC111302BD1FEA400E03CE6 /* LandmarkList.swift */ = {isa = PBXFileReference; lastKnownFileType = sourcecode.swift; path = LandmarkList.swift; sourceTree = "<group>"; };
		3FC111322BD204E700E03CE6 /* LandmarkDetail.swift */ = {isa = PBXFileReference; lastKnownFileType = sourcecode.swift; path = LandmarkDetail.swift; sourceTree = "<group>"; };
		3FC111342BD20FCA00E03CE6 /* FavoriteButton.swift */ = {isa = PBXFileReference; lastKnownFileType = sourcecode.swift; path = FavoriteButton.swift; sourceTree = "<group>"; };
		3FC111382BD211B500E03CE6 /* HexagonParameters.swift */ = {isa = PBXFileReference; lastKnownFileType = sourcecode.swift; path = HexagonParameters.swift; sourceTree = "<group>"; };
		3FC1113A2BD2125400E03CE6 /* BadgeBackground.swift */ = {isa = PBXFileReference; lastKnownFileType = sourcecode.swift; path = BadgeBackground.swift; sourceTree = "<group>"; };
		3FC1113D2BD2143400E03CE6 /* BadgeSymbol.swift */ = {isa = PBXFileReference; lastKnownFileType = sourcecode.swift; path = BadgeSymbol.swift; sourceTree = "<group>"; };
		3FC1113F2BD2147E00E03CE6 /* RotatedBadgeSymbol.swift */ = {isa = PBXFileReference; lastKnownFileType = sourcecode.swift; path = RotatedBadgeSymbol.swift; sourceTree = "<group>"; };
		3FC111412BD2149F00E03CE6 /* Badge.swift */ = {isa = PBXFileReference; lastKnownFileType = sourcecode.swift; path = Badge.swift; sourceTree = "<group>"; };
		3FC111432BD217E100E03CE6 /* hikeData.json */ = {isa = PBXFileReference; fileEncoding = 4; lastKnownFileType = text.json; path = hikeData.json; sourceTree = "<group>"; };
		3FC111452BD217FB00E03CE6 /* Hike.swift */ = {isa = PBXFileReference; lastKnownFileType = sourcecode.swift; path = Hike.swift; sourceTree = "<group>"; };
		3FC111482BD2191C00E03CE6 /* GraphCapsule.swift */ = {isa = PBXFileReference; fileEncoding = 4; lastKnownFileType = sourcecode.swift; path = GraphCapsule.swift; sourceTree = "<group>"; };
		3FC111492BD2191C00E03CE6 /* HikeGraph.swift */ = {isa = PBXFileReference; fileEncoding = 4; lastKnownFileType = sourcecode.swift; path = HikeGraph.swift; sourceTree = "<group>"; };
		3FC1114A2BD2191C00E03CE6 /* HikeDetail.swift */ = {isa = PBXFileReference; fileEncoding = 4; lastKnownFileType = sourcecode.swift; path = HikeDetail.swift; sourceTree = "<group>"; };
		3FC1114B2BD2191C00E03CE6 /* HikeView.swift */ = {isa = PBXFileReference; fileEncoding = 4; lastKnownFileType = sourcecode.swift; path = HikeView.swift; sourceTree = "<group>"; };
		3FC111512BD21F5F00E03CE6 /* CategoryHome.swift */ = {isa = PBXFileReference; lastKnownFileType = sourcecode.swift; path = CategoryHome.swift; sourceTree = "<group>"; };
		3FE25A282BDB353B00803A4D /* LandmarkDetail.swift */ = {isa = PBXFileReference; lastKnownFileType = sourcecode.swift; path = LandmarkDetail.swift; sourceTree = "<group>"; };
		3FE25A2A2BDB39FB00803A4D /* NotificationView.swift */ = {isa = PBXFileReference; lastKnownFileType = sourcecode.swift; path = NotificationView.swift; sourceTree = "<group>"; };
		3FE25A2C2BDB3AB200803A4D /* NotificationController.swift */ = {isa = PBXFileReference; lastKnownFileType = sourcecode.swift; path = NotificationController.swift; sourceTree = "<group>"; };
		3FE25A2E2BDB3ECC00803A4D /* PushNotificationPayload.apns */ = {isa = PBXFileReference; lastKnownFileType = text; path = PushNotificationPayload.apns; sourceTree = "<group>"; };
		3FE409CF2BDA174300DF00D2 /* CategoryRow.swift */ = {isa = PBXFileReference; lastKnownFileType = sourcecode.swift; path = CategoryRow.swift; sourceTree = "<group>"; };
		3FE409D12BDA176C00DF00D2 /* CategoryItem.swift */ = {isa = PBXFileReference; lastKnownFileType = sourcecode.swift; path = CategoryItem.swift; sourceTree = "<group>"; };
		3FE409D42BDA18D300DF00D2 /* Profile.swift */ = {isa = PBXFileReference; lastKnownFileType = sourcecode.swift; path = Profile.swift; sourceTree = "<group>"; };
		3FE409D62BDA18EA00DF00D2 /* ProfileHost.swift */ = {isa = PBXFileReference; lastKnownFileType = sourcecode.swift; path = ProfileHost.swift; sourceTree = "<group>"; };
		3FE409D82BDA190100DF00D2 /* ProfileSummary.swift */ = {isa = PBXFileReference; lastKnownFileType = sourcecode.swift; path = ProfileSummary.swift; sourceTree = "<group>"; };
		3FE409DA2BDA19F600DF00D2 /* HikeBadge.swift */ = {isa = PBXFileReference; lastKnownFileType = sourcecode.swift; path = HikeBadge.swift; sourceTree = "<group>"; };
		3FE409DC2BDA1C0F00DF00D2 /* ProfileEditor.swift */ = {isa = PBXFileReference; lastKnownFileType = sourcecode.swift; path = ProfileEditor.swift; sourceTree = "<group>"; };
		3FE409DF2BDA207500DF00D2 /* PageViewController.swift */ = {isa = PBXFileReference; lastKnownFileType = sourcecode.swift; path = PageViewController.swift; sourceTree = "<group>"; };
		3FE409E12BDA20F200DF00D2 /* PageView.swift */ = {isa = PBXFileReference; lastKnownFileType = sourcecode.swift; path = PageView.swift; sourceTree = "<group>"; };
		3FE409E32BDA214B00DF00D2 /* FeatureCard.swift */ = {isa = PBXFileReference; lastKnownFileType = sourcecode.swift; path = FeatureCard.swift; sourceTree = "<group>"; };
		3FE409E52BDA265C00DF00D2 /* PageControl.swift */ = {isa = PBXFileReference; lastKnownFileType = sourcecode.swift; path = PageControl.swift; sourceTree = "<group>"; };
		3FE409EB2BDA27BE00DF00D2 /* WatchLandmark Watch App.app */ = {isa = PBXFileReference; explicitFileType = wrapper.application; includeInIndex = 0; path = "WatchLandmark Watch App.app"; sourceTree = BUILT_PRODUCTS_DIR; };
		3FE409EF2BDA27BE00DF00D2 /* ContentView.swift */ = {isa = PBXFileReference; lastKnownFileType = sourcecode.swift; path = ContentView.swift; sourceTree = "<group>"; };
		3FE409F12BDA27BF00DF00D2 /* Assets.xcassets */ = {isa = PBXFileReference; lastKnownFileType = folder.assetcatalog; path = Assets.xcassets; sourceTree = "<group>"; };
		3FE409F42BDA27BF00DF00D2 /* Preview Assets.xcassets */ = {isa = PBXFileReference; lastKnownFileType = folder.assetcatalog; path = "Preview Assets.xcassets"; sourceTree = "<group>"; };
/* End PBXFileReference section */

/* Begin PBXFrameworksBuildPhase section */
		3F90D4D42BD0E13B00E93EE5 /* Frameworks */ = {
			isa = PBXFrameworksBuildPhase;
			buildActionMask = 2147483647;
			files = (
			);
			runOnlyForDeploymentPostprocessing = 0;
		};
		3F90D4E42BD0E13C00E93EE5 /* Frameworks */ = {
			isa = PBXFrameworksBuildPhase;
			buildActionMask = 2147483647;
			files = (
			);
			runOnlyForDeploymentPostprocessing = 0;
		};
		3F90D4EE2BD0E13C00E93EE5 /* Frameworks */ = {
			isa = PBXFrameworksBuildPhase;
			buildActionMask = 2147483647;
			files = (
			);
			runOnlyForDeploymentPostprocessing = 0;
		};
		3FE409E82BDA27BE00DF00D2 /* Frameworks */ = {
			isa = PBXFrameworksBuildPhase;
			buildActionMask = 2147483647;
			files = (
			);
			runOnlyForDeploymentPostprocessing = 0;
		};
/* End PBXFrameworksBuildPhase section */

/* Begin PBXGroup section */
		3F90D4CE2BD0E13A00E93EE5 = {
			isa = PBXGroup;
			children = (
				3F90D4D92BD0E13B00E93EE5 /* Landmarks */,
				3F90D4EA2BD0E13C00E93EE5 /* LandmarksTests */,
				3F90D4F42BD0E13C00E93EE5 /* LandmarksUITests */,
				3FE409EC2BDA27BE00DF00D2 /* WatchLandmark Watch App */,
				3F90D4D82BD0E13B00E93EE5 /* Products */,
			);
			sourceTree = "<group>";
		};
		3F90D4D82BD0E13B00E93EE5 /* Products */ = {
			isa = PBXGroup;
			children = (
				3F90D4D72BD0E13B00E93EE5 /* Landmarks.app */,
				3F90D4E72BD0E13C00E93EE5 /* LandmarksTests.xctest */,
				3F90D4F12BD0E13C00E93EE5 /* LandmarksUITests.xctest */,
				3FE409EB2BDA27BE00DF00D2 /* WatchLandmark Watch App.app */,
			);
			name = Products;
			sourceTree = "<group>";
		};
		3F90D4D92BD0E13B00E93EE5 /* Landmarks */ = {
			isa = PBXGroup;
			children = (
				3F90D4DA2BD0E13B00E93EE5 /* LandmarksApp.swift */,
				3F90D5252BD0F1C800E93EE5 /* Views */,
				3F90D5272BD0F1F600E93EE5 /* Resources */,
				3F90D5262BD0F1DA00E93EE5 /* Model */,
				3F90D4DE2BD0E13C00E93EE5 /* Assets.xcassets */,
				3F90D4E02BD0E13C00E93EE5 /* Preview Content */,
			);
			path = Landmarks;
			sourceTree = "<group>";
		};
		3F90D4E02BD0E13C00E93EE5 /* Preview Content */ = {
			isa = PBXGroup;
			children = (
				3F90D4E12BD0E13C00E93EE5 /* Preview Assets.xcassets */,
			);
			path = "Preview Content";
			sourceTree = "<group>";
		};
		3F90D4EA2BD0E13C00E93EE5 /* LandmarksTests */ = {
			isa = PBXGroup;
			children = (
				3F90D4EB2BD0E13C00E93EE5 /* LandmarksTests.swift */,
			);
			path = LandmarksTests;
			sourceTree = "<group>";
		};
		3F90D4F42BD0E13C00E93EE5 /* LandmarksUITests */ = {
			isa = PBXGroup;
			children = (
				3F90D4F52BD0E13C00E93EE5 /* LandmarksUITests.swift */,
				3F90D4F72BD0E13C00E93EE5 /* LandmarksUITestsLaunchTests.swift */,
			);
			path = LandmarksUITests;
			sourceTree = "<group>";
		};
		3F90D5252BD0F1C800E93EE5 /* Views */ = {
			isa = PBXGroup;
			children = (
				3FE409E32BDA214B00DF00D2 /* FeatureCard.swift */,
				3F90D4DC2BD0E13B00E93EE5 /* ContentView.swift */,
				3FC111502BD21EFB00E03CE6 /* Categories */,
				3FC111362BD2100100E03CE6 /* Helper */,
				3FC111472BD2191C00E03CE6 /* Hikes */,
				3FC111372BD2104500E03CE6 /* Landmarks */,
				3FE409D32BDA18BE00DF00D2 /* Profiles */,
				3FE409DE2BDA1DB900DF00D2 /* PageView */,
				3FC1113C2BD213CC00E03CE6 /* Badges */,
			);
			path = Views;
			sourceTree = "<group>";
		};
		3F90D5262BD0F1DA00E93EE5 /* Model */ = {
			isa = PBXGroup;
			children = (
				3F90D50A2BD0F03200E93EE5 /* Landmark.swift */,
				3F90D5232BD0F18F00E93EE5 /* ModelData.swift */,
			);
			path = Model;
			sourceTree = "<group>";
		};
		3F90D5272BD0F1F600E93EE5 /* Resources */ = {
			isa = PBXGroup;
			children = (
				3F90D5082BD0EFF700E93EE5 /* landmarkData.json */,
				3FC111432BD217E100E03CE6 /* hikeData.json */,
			);
			path = Resources;
			sourceTree = "<group>";
		};
		3FC111362BD2100100E03CE6 /* Helper */ = {
			isa = PBXGroup;
			children = (
				3F90D5042BD0EB3200E93EE5 /* CircleImage.swift */,
				3FC111342BD20FCA00E03CE6 /* FavoriteButton.swift */,
				3F90D5062BD0ECB100E93EE5 /* MapView.swift */,
			);
			path = Helper;
			sourceTree = "<group>";
		};
		3FC111372BD2104500E03CE6 /* Landmarks */ = {
			isa = PBXGroup;
			children = (
				3FC111302BD1FEA400E03CE6 /* LandmarkList.swift */,
				3FC111322BD204E700E03CE6 /* LandmarkDetail.swift */,
				3FC1112E2BD1FA6200E03CE6 /* LandmarkRow.swift */,
			);
			path = Landmarks;
			sourceTree = "<group>";
		};
		3FC1113C2BD213CC00E03CE6 /* Badges */ = {
			isa = PBXGroup;
			children = (
				3FC111382BD211B500E03CE6 /* HexagonParameters.swift */,
				3FC1113A2BD2125400E03CE6 /* BadgeBackground.swift */,
				3FC1113D2BD2143400E03CE6 /* BadgeSymbol.swift */,
				3FC1113F2BD2147E00E03CE6 /* RotatedBadgeSymbol.swift */,
				3FC111412BD2149F00E03CE6 /* Badge.swift */,
			);
			path = Badges;
			sourceTree = "<group>";
		};
		3FC111472BD2191C00E03CE6 /* Hikes */ = {
			isa = PBXGroup;
			children = (
				3FC111452BD217FB00E03CE6 /* Hike.swift */,
				3FC111482BD2191C00E03CE6 /* GraphCapsule.swift */,
				3FC111492BD2191C00E03CE6 /* HikeGraph.swift */,
				3FC1114A2BD2191C00E03CE6 /* HikeDetail.swift */,
				3FC1114B2BD2191C00E03CE6 /* HikeView.swift */,
				3FE409DA2BDA19F600DF00D2 /* HikeBadge.swift */,
			);
			path = Hikes;
			sourceTree = "<group>";
		};
		3FC111502BD21EFB00E03CE6 /* Categories */ = {
			isa = PBXGroup;
			children = (
				3FC111512BD21F5F00E03CE6 /* CategoryHome.swift */,
				3FE409CF2BDA174300DF00D2 /* CategoryRow.swift */,
				3FE409D12BDA176C00DF00D2 /* CategoryItem.swift */,
			);
			path = Categories;
			sourceTree = "<group>";
		};
		3FE409D32BDA18BE00DF00D2 /* Profiles */ = {
			isa = PBXGroup;
			children = (
				3FE409D42BDA18D300DF00D2 /* Profile.swift */,
				3FE409D62BDA18EA00DF00D2 /* ProfileHost.swift */,
				3FE409D82BDA190100DF00D2 /* ProfileSummary.swift */,
				3FE409DC2BDA1C0F00DF00D2 /* ProfileEditor.swift */,
			);
			path = Profiles;
			sourceTree = "<group>";
		};
		3FE409DE2BDA1DB900DF00D2 /* PageView */ = {
			isa = PBXGroup;
			children = (
				3FE409DF2BDA207500DF00D2 /* PageViewController.swift */,
				3FE409E12BDA20F200DF00D2 /* PageView.swift */,
				3FE409E52BDA265C00DF00D2 /* PageControl.swift */,
			);
			path = PageView;
			sourceTree = "<group>";
		};
		3FE409EC2BDA27BE00DF00D2 /* WatchLandmark Watch App */ = {
			isa = PBXGroup;
			children = (
				3FE409EF2BDA27BE00DF00D2 /* ContentView.swift */,
				3FE25A282BDB353B00803A4D /* LandmarkDetail.swift */,
				3FE25A2A2BDB39FB00803A4D /* NotificationView.swift */,
				3FE25A2C2BDB3AB200803A4D /* NotificationController.swift */,
				3FE409F12BDA27BF00DF00D2 /* Assets.xcassets */,
				3FE409F32BDA27BF00DF00D2 /* Preview Content */,
				3FE25A2E2BDB3ECC00803A4D /* PushNotificationPayload.apns */,
			);
			path = "WatchLandmark Watch App";
			sourceTree = "<group>";
		};
		3FE409F32BDA27BF00DF00D2 /* Preview Content */ = {
			isa = PBXGroup;
			children = (
				3FE409F42BDA27BF00DF00D2 /* Preview Assets.xcassets */,
			);
			path = "Preview Content";
			sourceTree = "<group>";
		};
/* End PBXGroup section */

/* Begin PBXNativeTarget section */
		3F90D4D62BD0E13B00E93EE5 /* Landmarks */ = {
			isa = PBXNativeTarget;
			buildConfigurationList = 3F90D4FB2BD0E13C00E93EE5 /* Build configuration list for PBXNativeTarget "Landmarks" */;
			buildPhases = (
				3F90D4D32BD0E13B00E93EE5 /* Sources */,
				3F90D4D42BD0E13B00E93EE5 /* Frameworks */,
				3F90D4D52BD0E13B00E93EE5 /* Resources */,
				3FE409FC2BDA27BF00DF00D2 /* Embed Watch Content */,
			);
			buildRules = (
			);
			dependencies = (
				3FE409F72BDA27BF00DF00D2 /* PBXTargetDependency */,
			);
			name = Landmarks;
			productName = Landmarks;
			productReference = 3F90D4D72BD0E13B00E93EE5 /* Landmarks.app */;
			productType = "com.apple.product-type.application";
		};
		3F90D4E62BD0E13C00E93EE5 /* LandmarksTests */ = {
			isa = PBXNativeTarget;
			buildConfigurationList = 3F90D4FE2BD0E13C00E93EE5 /* Build configuration list for PBXNativeTarget "LandmarksTests" */;
			buildPhases = (
				3F90D4E32BD0E13C00E93EE5 /* Sources */,
				3F90D4E42BD0E13C00E93EE5 /* Frameworks */,
				3F90D4E52BD0E13C00E93EE5 /* Resources */,
			);
			buildRules = (
			);
			dependencies = (
				3F90D4E92BD0E13C00E93EE5 /* PBXTargetDependency */,
			);
			name = LandmarksTests;
			productName = LandmarksTests;
			productReference = 3F90D4E72BD0E13C00E93EE5 /* LandmarksTests.xctest */;
			productType = "com.apple.product-type.bundle.unit-test";
		};
		3F90D4F02BD0E13C00E93EE5 /* LandmarksUITests */ = {
			isa = PBXNativeTarget;
			buildConfigurationList = 3F90D5012BD0E13C00E93EE5 /* Build configuration list for PBXNativeTarget "LandmarksUITests" */;
			buildPhases = (
				3F90D4ED2BD0E13C00E93EE5 /* Sources */,
				3F90D4EE2BD0E13C00E93EE5 /* Frameworks */,
				3F90D4EF2BD0E13C00E93EE5 /* Resources */,
			);
			buildRules = (
			);
			dependencies = (
				3F90D4F32BD0E13C00E93EE5 /* PBXTargetDependency */,
			);
			name = LandmarksUITests;
			productName = LandmarksUITests;
			productReference = 3F90D4F12BD0E13C00E93EE5 /* LandmarksUITests.xctest */;
			productType = "com.apple.product-type.bundle.ui-testing";
		};
		3FE409EA2BDA27BE00DF00D2 /* WatchLandmark Watch App */ = {
			isa = PBXNativeTarget;
			buildConfigurationList = 3FE409F92BDA27BF00DF00D2 /* Build configuration list for PBXNativeTarget "WatchLandmark Watch App" */;
			buildPhases = (
				3FE409E72BDA27BE00DF00D2 /* Sources */,
				3FE409E82BDA27BE00DF00D2 /* Frameworks */,
				3FE409E92BDA27BE00DF00D2 /* Resources */,
			);
			buildRules = (
			);
			dependencies = (
			);
			name = "WatchLandmark Watch App";
			productName = "WatchLandmark Watch App";
			productReference = 3FE409EB2BDA27BE00DF00D2 /* WatchLandmark Watch App.app */;
			productType = "com.apple.product-type.application";
		};
/* End PBXNativeTarget section */

/* Begin PBXProject section */
		3F90D4CF2BD0E13A00E93EE5 /* Project object */ = {
			isa = PBXProject;
			attributes = {
				BuildIndependentTargetsInParallel = 1;
				LastSwiftUpdateCheck = 1520;
				LastUpgradeCheck = 1520;
				TargetAttributes = {
					3F90D4D62BD0E13B00E93EE5 = {
						CreatedOnToolsVersion = 15.2;
					};
					3F90D4E62BD0E13C00E93EE5 = {
						CreatedOnToolsVersion = 15.2;
						TestTargetID = 3F90D4D62BD0E13B00E93EE5;
					};
					3F90D4F02BD0E13C00E93EE5 = {
						CreatedOnToolsVersion = 15.2;
						TestTargetID = 3F90D4D62BD0E13B00E93EE5;
					};
					3FE409EA2BDA27BE00DF00D2 = {
						CreatedOnToolsVersion = 15.2;
					};
				};
			};
			buildConfigurationList = 3F90D4D22BD0E13A00E93EE5 /* Build configuration list for PBXProject "Landmarks" */;
			compatibilityVersion = "Xcode 14.0";
			developmentRegion = en;
			hasScannedForEncodings = 0;
			knownRegions = (
				en,
				Base,
			);
			mainGroup = 3F90D4CE2BD0E13A00E93EE5;
			productRefGroup = 3F90D4D82BD0E13B00E93EE5 /* Products */;
			projectDirPath = "";
			projectRoot = "";
			targets = (
				3F90D4D62BD0E13B00E93EE5 /* Landmarks */,
				3F90D4E62BD0E13C00E93EE5 /* LandmarksTests */,
				3F90D4F02BD0E13C00E93EE5 /* LandmarksUITests */,
				3FE409EA2BDA27BE00DF00D2 /* WatchLandmark Watch App */,
			);
		};
/* End PBXProject section */

/* Begin PBXResourcesBuildPhase section */
		3F90D4D52BD0E13B00E93EE5 /* Resources */ = {
			isa = PBXResourcesBuildPhase;
			buildActionMask = 2147483647;
			files = (
				3FC111442BD217E100E03CE6 /* hikeData.json in Resources */,
				3F90D4E22BD0E13C00E93EE5 /* Preview Assets.xcassets in Resources */,
				3F90D4DF2BD0E13C00E93EE5 /* Assets.xcassets in Resources */,
				3F90D5092BD0EFF700E93EE5 /* landmarkData.json in Resources */,
			);
			runOnlyForDeploymentPostprocessing = 0;
		};
		3F90D4E52BD0E13C00E93EE5 /* Resources */ = {
			isa = PBXResourcesBuildPhase;
			buildActionMask = 2147483647;
			files = (
			);
			runOnlyForDeploymentPostprocessing = 0;
		};
		3F90D4EF2BD0E13C00E93EE5 /* Resources */ = {
			isa = PBXResourcesBuildPhase;
			buildActionMask = 2147483647;
			files = (
			);
			runOnlyForDeploymentPostprocessing = 0;
		};
		3FE409E92BDA27BE00DF00D2 /* Resources */ = {
			isa = PBXResourcesBuildPhase;
			buildActionMask = 2147483647;
			files = (
				3FE40A022BDA2AAB00DF00D2 /* hikeData.json in Resources */,
				3FE409F52BDA27BF00DF00D2 /* Preview Assets.xcassets in Resources */,
				3FE409F22BDA27BF00DF00D2 /* Assets.xcassets in Resources */,
				3FE409FF2BDA2AAB00DF00D2 /* landmarkData.json in Resources */,
			);
			runOnlyForDeploymentPostprocessing = 0;
		};
/* End PBXResourcesBuildPhase section */

/* Begin PBXSourcesBuildPhase section */
		3F90D4D32BD0E13B00E93EE5 /* Sources */ = {
			isa = PBXSourcesBuildPhase;
			buildActionMask = 2147483647;
			files = (
				3FE409D02BDA174300DF00D2 /* CategoryRow.swift in Sources */,
				3FE409D52BDA18D300DF00D2 /* Profile.swift in Sources */,
				3F90D4DD2BD0E13B00E93EE5 /* ContentView.swift in Sources */,
				3FC111522BD21F5F00E03CE6 /* CategoryHome.swift in Sources */,
				3FC1114D2BD2191C00E03CE6 /* HikeGraph.swift in Sources */,
				3FC111422BD2149F00E03CE6 /* Badge.swift in Sources */,
				3F90D5072BD0ECB100E93EE5 /* MapView.swift in Sources */,
				3FC1114C2BD2191C00E03CE6 /* GraphCapsule.swift in Sources */,
				3F90D4DB2BD0E13B00E93EE5 /* LandmarksApp.swift in Sources */,
				3FC111352BD20FCA00E03CE6 /* FavoriteButton.swift in Sources */,
				3FE409E62BDA265C00DF00D2 /* PageControl.swift in Sources */,
				3FE409E42BDA214B00DF00D2 /* FeatureCard.swift in Sources */,
				3FE409D22BDA176C00DF00D2 /* CategoryItem.swift in Sources */,
				3FC1114E2BD2191C00E03CE6 /* HikeDetail.swift in Sources */,
				3FE409D92BDA190200DF00D2 /* ProfileSummary.swift in Sources */,
				3FC111312BD1FEA400E03CE6 /* LandmarkList.swift in Sources */,
				3FE409D72BDA18EA00DF00D2 /* ProfileHost.swift in Sources */,
				3FC111462BD217FB00E03CE6 /* Hike.swift in Sources */,
				3FC111402BD2147E00E03CE6 /* RotatedBadgeSymbol.swift in Sources */,
				3FC1113E2BD2143400E03CE6 /* BadgeSymbol.swift in Sources */,
				3FE409DD2BDA1C0F00DF00D2 /* ProfileEditor.swift in Sources */,
				3FC111332BD204E700E03CE6 /* LandmarkDetail.swift in Sources */,
				3FC1114F2BD2191C00E03CE6 /* HikeView.swift in Sources */,
				3F90D5052BD0EB3200E93EE5 /* CircleImage.swift in Sources */,
				3FE409E02BDA207500DF00D2 /* PageViewController.swift in Sources */,
				3FC1113B2BD2125400E03CE6 /* BadgeBackground.swift in Sources */,
				3FE409DB2BDA19F600DF00D2 /* HikeBadge.swift in Sources */,
				3FE409E22BDA20F200DF00D2 /* PageView.swift in Sources */,
				3F90D50B2BD0F03200E93EE5 /* Landmark.swift in Sources */,
				3FC1112F2BD1FA6200E03CE6 /* LandmarkRow.swift in Sources */,
				3F90D5242BD0F18F00E93EE5 /* ModelData.swift in Sources */,
				3FC111392BD211B500E03CE6 /* HexagonParameters.swift in Sources */,
			);
			runOnlyForDeploymentPostprocessing = 0;
		};
		3F90D4E32BD0E13C00E93EE5 /* Sources */ = {
			isa = PBXSourcesBuildPhase;
			buildActionMask = 2147483647;
			files = (
				3F90D4EC2BD0E13C00E93EE5 /* LandmarksTests.swift in Sources */,
			);
			runOnlyForDeploymentPostprocessing = 0;
		};
		3F90D4ED2BD0E13C00E93EE5 /* Sources */ = {
			isa = PBXSourcesBuildPhase;
			buildActionMask = 2147483647;
			files = (
				3F90D4F82BD0E13C00E93EE5 /* LandmarksUITestsLaunchTests.swift in Sources */,
				3F90D4F62BD0E13C00E93EE5 /* LandmarksUITests.swift in Sources */,
			);
			runOnlyForDeploymentPostprocessing = 0;
		};
		3FE409E72BDA27BE00DF00D2 /* Sources */ = {
			isa = PBXSourcesBuildPhase;
			buildActionMask = 2147483647;
			files = (
				3FE40A032BDA2AAB00DF00D2 /* Hike.swift in Sources */,
				3FE40A052BDA2AAB00DF00D2 /* CircleImage.swift in Sources */,
				3FE409F02BDA27BE00DF00D2 /* ContentView.swift in Sources */,
				3FE409FE2BDA2AAB00DF00D2 /* Profile.swift in Sources */,
				3FE40A042BDA2AAB00DF00D2 /* LandmarkList.swift in Sources */,
				3FE40A012BDA2AAB00DF00D2 /* ModelData.swift in Sources */,
				3FE409FD2BDA2AAB00DF00D2 /* MapView.swift in Sources */,
				3FE40A002BDA2AAB00DF00D2 /* LandmarksApp.swift in Sources */,
				3FE40A062BDA2AAB00DF00D2 /* LandmarkRow.swift in Sources */,
				3FE25A2D2BDB3AB200803A4D /* NotificationController.swift in Sources */,
				3FE40A072BDA2AAB00DF00D2 /* Landmark.swift in Sources */,
				3FE25A292BDB353B00803A4D /* LandmarkDetail.swift in Sources */,
				3FE25A2B2BDB39FB00803A4D /* NotificationView.swift in Sources */,
			);
			runOnlyForDeploymentPostprocessing = 0;
		};
/* End PBXSourcesBuildPhase section */

/* Begin PBXTargetDependency section */
		3F90D4E92BD0E13C00E93EE5 /* PBXTargetDependency */ = {
			isa = PBXTargetDependency;
			target = 3F90D4D62BD0E13B00E93EE5 /* Landmarks */;
			targetProxy = 3F90D4E82BD0E13C00E93EE5 /* PBXContainerItemProxy */;
		};
		3F90D4F32BD0E13C00E93EE5 /* PBXTargetDependency */ = {
			isa = PBXTargetDependency;
			target = 3F90D4D62BD0E13B00E93EE5 /* Landmarks */;
			targetProxy = 3F90D4F22BD0E13C00E93EE5 /* PBXContainerItemProxy */;
		};
		3FE409F72BDA27BF00DF00D2 /* PBXTargetDependency */ = {
			isa = PBXTargetDependency;
			target = 3FE409EA2BDA27BE00DF00D2 /* WatchLandmark Watch App */;
			targetProxy = 3FE409F62BDA27BF00DF00D2 /* PBXContainerItemProxy */;
		};
/* End PBXTargetDependency section */

/* Begin XCBuildConfiguration section */
		3F90D4F92BD0E13C00E93EE5 /* Debug */ = {
			isa = XCBuildConfiguration;
			buildSettings = {
				ALWAYS_SEARCH_USER_PATHS = NO;
				ASSETCATALOG_COMPILER_GENERATE_SWIFT_ASSET_SYMBOL_EXTENSIONS = YES;
				CLANG_ANALYZER_NONNULL = YES;
				CLANG_ANALYZER_NUMBER_OBJECT_CONVERSION = YES_AGGRESSIVE;
				CLANG_CXX_LANGUAGE_STANDARD = "gnu++20";
				CLANG_ENABLE_MODULES = YES;
				CLANG_ENABLE_OBJC_ARC = YES;
				CLANG_ENABLE_OBJC_WEAK = YES;
				CLANG_WARN_BLOCK_CAPTURE_AUTORELEASING = YES;
				CLANG_WARN_BOOL_CONVERSION = YES;
				CLANG_WARN_COMMA = YES;
				CLANG_WARN_CONSTANT_CONVERSION = YES;
				CLANG_WARN_DEPRECATED_OBJC_IMPLEMENTATIONS = YES;
				CLANG_WARN_DIRECT_OBJC_ISA_USAGE = YES_ERROR;
				CLANG_WARN_DOCUMENTATION_COMMENTS = YES;
				CLANG_WARN_EMPTY_BODY = YES;
				CLANG_WARN_ENUM_CONVERSION = YES;
				CLANG_WARN_INFINITE_RECURSION = YES;
				CLANG_WARN_INT_CONVERSION = YES;
				CLANG_WARN_NON_LITERAL_NULL_CONVERSION = YES;
				CLANG_WARN_OBJC_IMPLICIT_RETAIN_SELF = YES;
				CLANG_WARN_OBJC_LITERAL_CONVERSION = YES;
				CLANG_WARN_OBJC_ROOT_CLASS = YES_ERROR;
				CLANG_WARN_QUOTED_INCLUDE_IN_FRAMEWORK_HEADER = YES;
				CLANG_WARN_RANGE_LOOP_ANALYSIS = YES;
				CLANG_WARN_STRICT_PROTOTYPES = YES;
				CLANG_WARN_SUSPICIOUS_MOVE = YES;
				CLANG_WARN_UNGUARDED_AVAILABILITY = YES_AGGRESSIVE;
				CLANG_WARN_UNREACHABLE_CODE = YES;
				CLANG_WARN__DUPLICATE_METHOD_MATCH = YES;
				COPY_PHASE_STRIP = NO;
				DEBUG_INFORMATION_FORMAT = dwarf;
				ENABLE_STRICT_OBJC_MSGSEND = YES;
				ENABLE_TESTABILITY = YES;
				ENABLE_USER_SCRIPT_SANDBOXING = YES;
				GCC_C_LANGUAGE_STANDARD = gnu17;
				GCC_DYNAMIC_NO_PIC = NO;
				GCC_NO_COMMON_BLOCKS = YES;
				GCC_OPTIMIZATION_LEVEL = 0;
				GCC_PREPROCESSOR_DEFINITIONS = (
					"DEBUG=1",
					"$(inherited)",
				);
				GCC_WARN_64_TO_32_BIT_CONVERSION = YES;
				GCC_WARN_ABOUT_RETURN_TYPE = YES_ERROR;
				GCC_WARN_UNDECLARED_SELECTOR = YES;
				GCC_WARN_UNINITIALIZED_AUTOS = YES_AGGRESSIVE;
				GCC_WARN_UNUSED_FUNCTION = YES;
				GCC_WARN_UNUSED_VARIABLE = YES;
				IPHONEOS_DEPLOYMENT_TARGET = 17.2;
				LOCALIZATION_PREFERS_STRING_CATALOGS = YES;
				MTL_ENABLE_DEBUG_INFO = INCLUDE_SOURCE;
				MTL_FAST_MATH = YES;
				ONLY_ACTIVE_ARCH = YES;
				SDKROOT = iphoneos;
				SWIFT_ACTIVE_COMPILATION_CONDITIONS = "DEBUG $(inherited)";
				SWIFT_OPTIMIZATION_LEVEL = "-Onone";
			};
			name = Debug;
		};
		3F90D4FA2BD0E13C00E93EE5 /* Release */ = {
			isa = XCBuildConfiguration;
			buildSettings = {
				ALWAYS_SEARCH_USER_PATHS = NO;
				ASSETCATALOG_COMPILER_GENERATE_SWIFT_ASSET_SYMBOL_EXTENSIONS = YES;
				CLANG_ANALYZER_NONNULL = YES;
				CLANG_ANALYZER_NUMBER_OBJECT_CONVERSION = YES_AGGRESSIVE;
				CLANG_CXX_LANGUAGE_STANDARD = "gnu++20";
				CLANG_ENABLE_MODULES = YES;
				CLANG_ENABLE_OBJC_ARC = YES;
				CLANG_ENABLE_OBJC_WEAK = YES;
				CLANG_WARN_BLOCK_CAPTURE_AUTORELEASING = YES;
				CLANG_WARN_BOOL_CONVERSION = YES;
				CLANG_WARN_COMMA = YES;
				CLANG_WARN_CONSTANT_CONVERSION = YES;
				CLANG_WARN_DEPRECATED_OBJC_IMPLEMENTATIONS = YES;
				CLANG_WARN_DIRECT_OBJC_ISA_USAGE = YES_ERROR;
				CLANG_WARN_DOCUMENTATION_COMMENTS = YES;
				CLANG_WARN_EMPTY_BODY = YES;
				CLANG_WARN_ENUM_CONVERSION = YES;
				CLANG_WARN_INFINITE_RECURSION = YES;
				CLANG_WARN_INT_CONVERSION = YES;
				CLANG_WARN_NON_LITERAL_NULL_CONVERSION = YES;
				CLANG_WARN_OBJC_IMPLICIT_RETAIN_SELF = YES;
				CLANG_WARN_OBJC_LITERAL_CONVERSION = YES;
				CLANG_WARN_OBJC_ROOT_CLASS = YES_ERROR;
				CLANG_WARN_QUOTED_INCLUDE_IN_FRAMEWORK_HEADER = YES;
				CLANG_WARN_RANGE_LOOP_ANALYSIS = YES;
				CLANG_WARN_STRICT_PROTOTYPES = YES;
				CLANG_WARN_SUSPICIOUS_MOVE = YES;
				CLANG_WARN_UNGUARDED_AVAILABILITY = YES_AGGRESSIVE;
				CLANG_WARN_UNREACHABLE_CODE = YES;
				CLANG_WARN__DUPLICATE_METHOD_MATCH = YES;
				COPY_PHASE_STRIP = NO;
				DEBUG_INFORMATION_FORMAT = "dwarf-with-dsym";
				ENABLE_NS_ASSERTIONS = NO;
				ENABLE_STRICT_OBJC_MSGSEND = YES;
				ENABLE_USER_SCRIPT_SANDBOXING = YES;
				GCC_C_LANGUAGE_STANDARD = gnu17;
				GCC_NO_COMMON_BLOCKS = YES;
				GCC_WARN_64_TO_32_BIT_CONVERSION = YES;
				GCC_WARN_ABOUT_RETURN_TYPE = YES_ERROR;
				GCC_WARN_UNDECLARED_SELECTOR = YES;
				GCC_WARN_UNINITIALIZED_AUTOS = YES_AGGRESSIVE;
				GCC_WARN_UNUSED_FUNCTION = YES;
				GCC_WARN_UNUSED_VARIABLE = YES;
				IPHONEOS_DEPLOYMENT_TARGET = 17.2;
				LOCALIZATION_PREFERS_STRING_CATALOGS = YES;
				MTL_ENABLE_DEBUG_INFO = NO;
				MTL_FAST_MATH = YES;
				SDKROOT = iphoneos;
				SWIFT_COMPILATION_MODE = wholemodule;
				VALIDATE_PRODUCT = YES;
			};
			name = Release;
		};
		3F90D4FC2BD0E13C00E93EE5 /* Debug */ = {
			isa = XCBuildConfiguration;
			buildSettings = {
				ALWAYS_EMBED_SWIFT_STANDARD_LIBRARIES = YES;
				ASSETCATALOG_COMPILER_APPICON_NAME = AppIcon;
				ASSETCATALOG_COMPILER_GLOBAL_ACCENT_COLOR_NAME = AccentColor;
				CODE_SIGN_STYLE = Automatic;
				CURRENT_PROJECT_VERSION = 1;
				DEVELOPMENT_ASSET_PATHS = "\"Landmarks/Preview Content\"";
				ENABLE_PREVIEWS = YES;
				GENERATE_INFOPLIST_FILE = YES;
				INFOPLIST_KEY_UIApplicationSceneManifest_Generation = YES;
				INFOPLIST_KEY_UIApplicationSupportsIndirectInputEvents = YES;
				INFOPLIST_KEY_UILaunchScreen_Generation = YES;
				INFOPLIST_KEY_UISupportedInterfaceOrientations_iPad = "UIInterfaceOrientationPortrait UIInterfaceOrientationPortraitUpsideDown UIInterfaceOrientationLandscapeLeft UIInterfaceOrientationLandscapeRight";
				INFOPLIST_KEY_UISupportedInterfaceOrientations_iPhone = "UIInterfaceOrientationPortrait UIInterfaceOrientationLandscapeLeft UIInterfaceOrientationLandscapeRight";
				LD_RUNPATH_SEARCH_PATHS = (
					"$(inherited)",
					"@executable_path/Frameworks",
				);
				MARKETING_VERSION = 1.0;
				PRODUCT_BUNDLE_IDENTIFIER = coba.Landmarks;
				PRODUCT_NAME = "$(TARGET_NAME)";
				SWIFT_EMIT_LOC_STRINGS = YES;
				SWIFT_VERSION = 5.0;
				TARGETED_DEVICE_FAMILY = "1,2";
			};
			name = Debug;
		};
		3F90D4FD2BD0E13C00E93EE5 /* Release */ = {
			isa = XCBuildConfiguration;
			buildSettings = {
				ALWAYS_EMBED_SWIFT_STANDARD_LIBRARIES = YES;
				ASSETCATALOG_COMPILER_APPICON_NAME = AppIcon;
				ASSETCATALOG_COMPILER_GLOBAL_ACCENT_COLOR_NAME = AccentColor;
				CODE_SIGN_STYLE = Automatic;
				CURRENT_PROJECT_VERSION = 1;
				DEVELOPMENT_ASSET_PATHS = "\"Landmarks/Preview Content\"";
				ENABLE_PREVIEWS = YES;
				GENERATE_INFOPLIST_FILE = YES;
				INFOPLIST_KEY_UIApplicationSceneManifest_Generation = YES;
				INFOPLIST_KEY_UIApplicationSupportsIndirectInputEvents = YES;
				INFOPLIST_KEY_UILaunchScreen_Generation = YES;
				INFOPLIST_KEY_UISupportedInterfaceOrientations_iPad = "UIInterfaceOrientationPortrait UIInterfaceOrientationPortraitUpsideDown UIInterfaceOrientationLandscapeLeft UIInterfaceOrientationLandscapeRight";
				INFOPLIST_KEY_UISupportedInterfaceOrientations_iPhone = "UIInterfaceOrientationPortrait UIInterfaceOrientationLandscapeLeft UIInterfaceOrientationLandscapeRight";
				LD_RUNPATH_SEARCH_PATHS = (
					"$(inherited)",
					"@executable_path/Frameworks",
				);
				MARKETING_VERSION = 1.0;
				PRODUCT_BUNDLE_IDENTIFIER = coba.Landmarks;
				PRODUCT_NAME = "$(TARGET_NAME)";
				SWIFT_EMIT_LOC_STRINGS = YES;
				SWIFT_VERSION = 5.0;
				TARGETED_DEVICE_FAMILY = "1,2";
			};
			name = Release;
		};
		3F90D4FF2BD0E13C00E93EE5 /* Debug */ = {
			isa = XCBuildConfiguration;
			buildSettings = {
				ALWAYS_EMBED_SWIFT_STANDARD_LIBRARIES = YES;
				BUNDLE_LOADER = "$(TEST_HOST)";
				CODE_SIGN_STYLE = Automatic;
				CURRENT_PROJECT_VERSION = 1;
				GENERATE_INFOPLIST_FILE = YES;
				IPHONEOS_DEPLOYMENT_TARGET = 17.2;
				MARKETING_VERSION = 1.0;
				PRODUCT_BUNDLE_IDENTIFIER = coba.LandmarksTests;
				PRODUCT_NAME = "$(TARGET_NAME)";
				SWIFT_EMIT_LOC_STRINGS = NO;
				SWIFT_VERSION = 5.0;
				TARGETED_DEVICE_FAMILY = "1,2";
				TEST_HOST = "$(BUILT_PRODUCTS_DIR)/Landmarks.app/$(BUNDLE_EXECUTABLE_FOLDER_PATH)/Landmarks";
			};
			name = Debug;
		};
		3F90D5002BD0E13C00E93EE5 /* Release */ = {
			isa = XCBuildConfiguration;
			buildSettings = {
				ALWAYS_EMBED_SWIFT_STANDARD_LIBRARIES = YES;
				BUNDLE_LOADER = "$(TEST_HOST)";
				CODE_SIGN_STYLE = Automatic;
				CURRENT_PROJECT_VERSION = 1;
				GENERATE_INFOPLIST_FILE = YES;
				IPHONEOS_DEPLOYMENT_TARGET = 17.2;
				MARKETING_VERSION = 1.0;
				PRODUCT_BUNDLE_IDENTIFIER = coba.LandmarksTests;
				PRODUCT_NAME = "$(TARGET_NAME)";
				SWIFT_EMIT_LOC_STRINGS = NO;
				SWIFT_VERSION = 5.0;
				TARGETED_DEVICE_FAMILY = "1,2";
				TEST_HOST = "$(BUILT_PRODUCTS_DIR)/Landmarks.app/$(BUNDLE_EXECUTABLE_FOLDER_PATH)/Landmarks";
			};
			name = Release;
		};
		3F90D5022BD0E13C00E93EE5 /* Debug */ = {
			isa = XCBuildConfiguration;
			buildSettings = {
				ALWAYS_EMBED_SWIFT_STANDARD_LIBRARIES = YES;
				CODE_SIGN_STYLE = Automatic;
				CURRENT_PROJECT_VERSION = 1;
				GENERATE_INFOPLIST_FILE = YES;
				MARKETING_VERSION = 1.0;
				PRODUCT_BUNDLE_IDENTIFIER = coba.LandmarksUITests;
				PRODUCT_NAME = "$(TARGET_NAME)";
				SWIFT_EMIT_LOC_STRINGS = NO;
				SWIFT_VERSION = 5.0;
				TARGETED_DEVICE_FAMILY = "1,2";
				TEST_TARGET_NAME = Landmarks;
			};
			name = Debug;
		};
		3F90D5032BD0E13C00E93EE5 /* Release */ = {
			isa = XCBuildConfiguration;
			buildSettings = {
				ALWAYS_EMBED_SWIFT_STANDARD_LIBRARIES = YES;
				CODE_SIGN_STYLE = Automatic;
				CURRENT_PROJECT_VERSION = 1;
				GENERATE_INFOPLIST_FILE = YES;
				MARKETING_VERSION = 1.0;
				PRODUCT_BUNDLE_IDENTIFIER = coba.LandmarksUITests;
				PRODUCT_NAME = "$(TARGET_NAME)";
				SWIFT_EMIT_LOC_STRINGS = NO;
				SWIFT_VERSION = 5.0;
				TARGETED_DEVICE_FAMILY = "1,2";
				TEST_TARGET_NAME = Landmarks;
			};
			name = Release;
		};
		3FE409FA2BDA27BF00DF00D2 /* Debug */ = {
			isa = XCBuildConfiguration;
			buildSettings = {
				ASSETCATALOG_COMPILER_APPICON_NAME = AppIcon;
				ASSETCATALOG_COMPILER_GLOBAL_ACCENT_COLOR_NAME = AccentColor;
				CODE_SIGN_STYLE = Automatic;
				CURRENT_PROJECT_VERSION = 1;
				DEVELOPMENT_ASSET_PATHS = "\"WatchLandmark Watch App/Preview Content\"";
				ENABLE_PREVIEWS = YES;
				GENERATE_INFOPLIST_FILE = YES;
				INFOPLIST_KEY_CFBundleDisplayName = WatchLandmark;
				INFOPLIST_KEY_UISupportedInterfaceOrientations = "UIInterfaceOrientationPortrait UIInterfaceOrientationPortraitUpsideDown";
				INFOPLIST_KEY_WKCompanionAppBundleIdentifier = coba.Landmarks;
				INFOPLIST_KEY_WKRunsIndependentlyOfCompanionApp = YES;
				LD_RUNPATH_SEARCH_PATHS = (
					"$(inherited)",
					"@executable_path/Frameworks",
				);
				MARKETING_VERSION = 1.0;
				PRODUCT_BUNDLE_IDENTIFIER = coba.Landmarks.watchkitapp;
				PRODUCT_NAME = "$(TARGET_NAME)";
				SDKROOT = watchos;
				SKIP_INSTALL = YES;
				SWIFT_EMIT_LOC_STRINGS = YES;
				SWIFT_VERSION = 5.0;
				TARGETED_DEVICE_FAMILY = 4;
				WATCHOS_DEPLOYMENT_TARGET = 10.2;
			};
			name = Debug;
		};
		3FE409FB2BDA27BF00DF00D2 /* Release */ = {
			isa = XCBuildConfiguration;
			buildSettings = {
				ASSETCATALOG_COMPILER_APPICON_NAME = AppIcon;
				ASSETCATALOG_COMPILER_GLOBAL_ACCENT_COLOR_NAME = AccentColor;
				CODE_SIGN_STYLE = Automatic;
				CURRENT_PROJECT_VERSION = 1;
				DEVELOPMENT_ASSET_PATHS = "\"WatchLandmark Watch App/Preview Content\"";
				ENABLE_PREVIEWS = YES;
				GENERATE_INFOPLIST_FILE = YES;
				INFOPLIST_KEY_CFBundleDisplayName = WatchLandmark;
				INFOPLIST_KEY_UISupportedInterfaceOrientations = "UIInterfaceOrientationPortrait UIInterfaceOrientationPortraitUpsideDown";
				INFOPLIST_KEY_WKCompanionAppBundleIdentifier = coba.Landmarks;
				INFOPLIST_KEY_WKRunsIndependentlyOfCompanionApp = YES;
				LD_RUNPATH_SEARCH_PATHS = (
					"$(inherited)",
					"@executable_path/Frameworks",
				);
				MARKETING_VERSION = 1.0;
				PRODUCT_BUNDLE_IDENTIFIER = coba.Landmarks.watchkitapp;
				PRODUCT_NAME = "$(TARGET_NAME)";
				SDKROOT = watchos;
				SKIP_INSTALL = YES;
				SWIFT_EMIT_LOC_STRINGS = YES;
				SWIFT_VERSION = 5.0;
				TARGETED_DEVICE_FAMILY = 4;
				WATCHOS_DEPLOYMENT_TARGET = 10.2;
			};
			name = Release;
		};
/* End XCBuildConfiguration section */

/* Begin XCConfigurationList section */
		3F90D4D22BD0E13A00E93EE5 /* Build configuration list for PBXProject "Landmarks" */ = {
			isa = XCConfigurationList;
			buildConfigurations = (
				3F90D4F92BD0E13C00E93EE5 /* Debug */,
				3F90D4FA2BD0E13C00E93EE5 /* Release */,
			);
			defaultConfigurationIsVisible = 0;
			defaultConfigurationName = Release;
		};
		3F90D4FB2BD0E13C00E93EE5 /* Build configuration list for PBXNativeTarget "Landmarks" */ = {
			isa = XCConfigurationList;
			buildConfigurations = (
				3F90D4FC2BD0E13C00E93EE5 /* Debug */,
				3F90D4FD2BD0E13C00E93EE5 /* Release */,
			);
			defaultConfigurationIsVisible = 0;
			defaultConfigurationName = Release;
		};
		3F90D4FE2BD0E13C00E93EE5 /* Build configuration list for PBXNativeTarget "LandmarksTests" */ = {
			isa = XCConfigurationList;
			buildConfigurations = (
				3F90D4FF2BD0E13C00E93EE5 /* Debug */,
				3F90D5002BD0E13C00E93EE5 /* Release */,
			);
			defaultConfigurationIsVisible = 0;
			defaultConfigurationName = Release;
		};
		3F90D5012BD0E13C00E93EE5 /* Build configuration list for PBXNativeTarget "LandmarksUITests" */ = {
			isa = XCConfigurationList;
			buildConfigurations = (
				3F90D5022BD0E13C00E93EE5 /* Debug */,
				3F90D5032BD0E13C00E93EE5 /* Release */,
			);
			defaultConfigurationIsVisible = 0;
			defaultConfigurationName = Release;
		};
		3FE409F92BDA27BF00DF00D2 /* Build configuration list for PBXNativeTarget "WatchLandmark Watch App" */ = {
			isa = XCConfigurationList;
			buildConfigurations = (
				3FE409FA2BDA27BF00DF00D2 /* Debug */,
				3FE409FB2BDA27BF00DF00D2 /* Release */,
			);
			defaultConfigurationIsVisible = 0;
			defaultConfigurationName = Release;
		};
/* End XCConfigurationList section */
	};
	rootObject = 3F90D4CF2BD0E13A00E93EE5 /* Project object */;
}
